<?xml version="1.0" encoding="UTF-8" standalone="yes" ?>
<CodeBlocks_project_file>
	<FileVersion major="1" minor="6" />
	<Project>
		<Option title="glfPong" />
		<Option pch_mode="2" />
		<Option compiler="gcc" />
		<Build>
			<Target title="Debug">
				<Option output="Builds/Debug/glfPong" prefix_auto="1" extension_auto="1" />
				<Option object_output="Builds/Debug/obj/" />
				<Option type="1" />
				<Option compiler="gcc" />
				<Compiler>
					<Add option="-std=c++11" />
					<Add option="-g" />
					<Add option="-DSFML_DYNAMIC" />
					<Add directory="Include" />
					<Add directory="Libraries/SFML2.1/SFML-2.1/include" />
					<Add directory="Libraries/glm/glm" />
					<Add directory="Libraries/glew-1.10.0/include" />
				</Compiler>
				<Linker>
					<Add library="sfml-graphics-d" />
					<Add library="sfml-window-d" />
					<Add library="sfml-system-d" />
					<Add library="glew32" />
					<Add library="opengl32" />
					<Add library="glu32" />
					<Add directory="Libraries/glew-1.10.0/lib" />
					<Add directory="Libraries/SFML2.1/SFML-2.1/lib" />
				</Linker>
			</Target>
			<Target title="Release">
				<Option output="Builds/Release/glfPong" prefix_auto="1" extension_auto="1" />
				<Option object_output="Builds/Release/obj/" />
				<Option type="1" />
				<Option compiler="gcc" />
				<Compiler>
					<Add option="-O2" />
				</Compiler>
				<Linker>
					<Add option="-s" />
				</Linker>
			</Target>
		</Build>
		<Compiler>
			<Add option="-Wall" />
		</Compiler>
		<Unit filename="Include/Ball.hpp" />
		<Unit filename="Include/Entity.hpp" />
		<Unit filename="Include/Game.hpp" />
		<Unit filename="Include/Paddle.hpp" />
		<Unit filename="Source/Ball.cpp" />
		<Unit filename="Source/Entity.cpp" />
		<Unit filename="Source/Game.cpp" />
		<Unit filename="Source/Paddle.cpp" />
		<Unit filename="Source/main.cpp" />
		<Extensions>
			<code_completion />
			<envvars />
			<debugger />
		</Extensions>
	</Project>
</CodeBlocks_project_file>
